Microsoft Visual Studio Solution File, Format Version 12.00
# Visual Studio 15
VisualStudioVersion = 15.0.27703.2018
MinimumVisualStudioVersion = 10.0.40219.1
Project("{FAE04EC0-301F-11D3-BF4B-00C04F79EFBC}") = "FactorAuth.Mobile.Android", "FactorAuth.Mobile.Android\FactorAuth.Mobile.Android.csproj", "{4C6A49AB-9F12-420A-8FE0-41D80E84D968}"
EndProject
Project("{FAE04EC0-301F-11D3-BF4B-00C04F79EFBC}") = "FactorAuth.Mobile.iOS", "FactorAuth.Mobile.iOS\FactorAuth.Mobile.iOS.csproj", "{5AF3CC40-1118-4105-970E-ED73041A40C0}"
EndProject
Project("{FAE04EC0-301F-11D3-BF4B-00C04F79EFBC}") = "FactorAuth.Mobile.UITests", "FactorAuth.Mobile.UITests\FactorAuth.Mobile.UITests.csproj", "{B19C892E-2628-4CA7-AD27-08D406A3B14B}"
EndProject
Project("{9A19103F-16F7-4668-BE54-9A1E7A4F7556}") = "FactorAuth.Mobile", "FactorAuth.Mobile\FactorAuth.Mobile.csproj", "{C3438A7E-22AF-4A5E-8C4E-0CD4BDF451E0}"
EndProject
Project("{2150E333-8FDC-42A3-9474-1A3956D46DE8}") = "Mobile", "Mobile", "{60918B31-F7AA-4EDD-86CD-5FE7BCCE7A8F}"
EndProject
Project("{2150E333-8FDC-42A3-9474-1A3956D46DE8}") = "Desktop", "Desktop", "{120A76C1-EBB3-40E8-AC81-403E1E881041}"
EndProject
Project("{9A19103F-16F7-4668-BE54-9A1E7A4F7556}") = "FactorAuth.Desktop", "FactorAuth.Desktop\FactorAuth.Desktop.csproj", "{ABDBDDE6-7965-4F22-B804-8CB7A8BCBD57}"
EndProject
Project("{9A19103F-16F7-4668-BE54-9A1E7A4F7556}") = "FactorAuth.Gtk", "FactorAuth.Gtk\FactorAuth.Gtk.csproj", "{D4F81489-6FA2-4591-B278-7763CE031ED9}"
EndProject
Project("{9A19103F-16F7-4668-BE54-9A1E7A4F7556}") = "FactorAuth.Mac", "FactorAuth.Mac\FactorAuth.Mac.csproj", "{985E9A8F-7249-42C1-A940-7C5DE8C11F14}"
EndProject
Project("{9A19103F-16F7-4668-BE54-9A1E7A4F7556}") = "FactorAuth.WinForms", "FactorAuth.WinForms\FactorAuth.WinForms.csproj", "{38D16FA7-7654-4391-B298-011C55EA98C1}"
EndProject
Project("{9A19103F-16F7-4668-BE54-9A1E7A4F7556}") = "FactorAuth.Wpf", "FactorAuth.Wpf\FactorAuth.Wpf.csproj", "{120123FB-5539-4D36-80EB-5B7F61C3A931}"
EndProject
Project("{FAE04EC0-301F-11D3-BF4B-00C04F79EFBC}") = "FactorAuth.XamMac", "FactorAuth.XamMac\FactorAuth.XamMac.csproj", "{CE92B95C-802A-47F8-890E-04EF75C33C7B}"
EndProject
Project("{2150E333-8FDC-42A3-9474-1A3956D46DE8}") = "Core", "Core", "{4A60C2F6-04A6-4F11-9344-2DEC31D8CF8A}"
EndProject
Project("{9A19103F-16F7-4668-BE54-9A1E7A4F7556}") = "FactorAuth.Core", "FactorAuth.Core\FactorAuth.Core.csproj", "{0C575D1E-A1E3-41E1-8403-715136A89D35}"
EndProject
Project("{9A19103F-16F7-4668-BE54-9A1E7A4F7556}") = "FactorAuth.Cli", "FactorAuth.Cli\FactorAuth.Cli.csproj", "{1A7B4534-ECD0-4794-9F5D-7E0C2007D7E9}"
EndProject
Global
	GlobalSection(SolutionConfigurationPlatforms) = preSolution
		Ad-Hoc|Any CPU = Ad-Hoc|Any CPU
		Ad-Hoc|iPhone = Ad-Hoc|iPhone
		Ad-Hoc|iPhoneSimulator = Ad-Hoc|iPhoneSimulator
		AppStore|Any CPU = AppStore|Any CPU
		AppStore|iPhone = AppStore|iPhone
		AppStore|iPhoneSimulator = AppStore|iPhoneSimulator
		Debug|Any CPU = Debug|Any CPU
		Debug|iPhone = Debug|iPhone
		Debug|iPhoneSimulator = Debug|iPhoneSimulator
		Release|Any CPU = Release|Any CPU
		Release|iPhone = Release|iPhone
		Release|iPhoneSimulator = Release|iPhoneSimulator
	EndGlobalSection
	GlobalSection(ProjectConfigurationPlatforms) = postSolution
		{4C6A49AB-9F12-420A-8FE0-41D80E84D968}.Ad-Hoc|Any CPU.ActiveCfg = Release|Any CPU
		{4C6A49AB-9F12-420A-8FE0-41D80E84D968}.Ad-Hoc|Any CPU.Build.0 = Release|Any CPU
		{4C6A49AB-9F12-420A-8FE0-41D80E84D968}.Ad-Hoc|Any CPU.Deploy.0 = Release|Any CPU
		{4C6A49AB-9F12-420A-8FE0-41D80E84D968}.Ad-Hoc|iPhone.ActiveCfg = Debug|Any CPU
		{4C6A49AB-9F12-420A-8FE0-41D80E84D968}.Ad-Hoc|iPhone.Build.0 = Debug|Any CPU
		{4C6A49AB-9F12-420A-8FE0-41D80E84D968}.Ad-Hoc|iPhoneSimulator.ActiveCfg = Release|Any CPU
		{4C6A49AB-9F12-420A-8FE0-41D80E84D968}.Ad-Hoc|iPhoneSimulator.Build.0 = Release|Any CPU
		{4C6A49AB-9F12-420A-8FE0-41D80E84D968}.Ad-Hoc|iPhoneSimulator.Deploy.0 = Release|Any CPU
		{4C6A49AB-9F12-420A-8FE0-41D80E84D968}.AppStore|Any CPU.ActiveCfg = Release|Any CPU
		{4C6A49AB-9F12-420A-8FE0-41D80E84D968}.AppStore|Any CPU.Build.0 = Release|Any CPU
		{4C6A49AB-9F12-420A-8FE0-41D80E84D968}.AppStore|Any CPU.Deploy.0 = Release|Any CPU
		{4C6A49AB-9F12-420A-8FE0-41D80E84D968}.AppStore|iPhone.ActiveCfg = Debug|Any CPU
		{4C6A49AB-9F12-420A-8FE0-41D80E84D968}.AppStore|iPhone.Build.0 = Debug|Any CPU
		{4C6A49AB-9F12-420A-8FE0-41D80E84D968}.AppStore|iPhoneSimulator.ActiveCfg = Release|Any CPU
		{4C6A49AB-9F12-420A-8FE0-41D80E84D968}.AppStore|iPhoneSimulator.Build.0 = Release|Any CPU
		{4C6A49AB-9F12-420A-8FE0-41D80E84D968}.AppStore|iPhoneSimulator.Deploy.0 = Release|Any CPU
		{4C6A49AB-9F12-420A-8FE0-41D80E84D968}.Debug|Any CPU.ActiveCfg = Debug|Any CPU
		{4C6A49AB-9F12-420A-8FE0-41D80E84D968}.Debug|Any CPU.Build.0 = Debug|Any CPU
		{4C6A49AB-9F12-420A-8FE0-41D80E84D968}.Debug|iPhone.ActiveCfg = Debug|Any CPU
		{4C6A49AB-9F12-420A-8FE0-41D80E84D968}.Debug|iPhone.Build.0 = Debug|Any CPU
		{4C6A49AB-9F12-420A-8FE0-41D80E84D968}.Debug|iPhoneSimulator.ActiveCfg = Debug|Any CPU
		{4C6A49AB-9F12-420A-8FE0-41D80E84D968}.Debug|iPhoneSimulator.Build.0 = Debug|Any CPU
		{4C6A49AB-9F12-420A-8FE0-41D80E84D968}.Release|Any CPU.ActiveCfg = Release|Any CPU
		{4C6A49AB-9F12-420A-8FE0-41D80E84D968}.Release|Any CPU.Build.0 = Release|Any CPU
		{4C6A49AB-9F12-420A-8FE0-41D80E84D968}.Release|iPhone.ActiveCfg = Release|Any CPU
		{4C6A49AB-9F12-420A-8FE0-41D80E84D968}.Release|iPhone.Build.0 = Release|Any CPU
		{4C6A49AB-9F12-420A-8FE0-41D80E84D968}.Release|iPhoneSimulator.ActiveCfg = Release|Any CPU
		{4C6A49AB-9F12-420A-8FE0-41D80E84D968}.Release|iPhoneSimulator.Build.0 = Release|Any CPU
		{5AF3CC40-1118-4105-970E-ED73041A40C0}.Ad-Hoc|Any CPU.ActiveCfg = Ad-Hoc|iPhoneSimulator
		{5AF3CC40-1118-4105-970E-ED73041A40C0}.Ad-Hoc|iPhone.ActiveCfg = Ad-Hoc|iPhone
		{5AF3CC40-1118-4105-970E-ED73041A40C0}.Ad-Hoc|iPhone.Build.0 = Ad-Hoc|iPhone
		{5AF3CC40-1118-4105-970E-ED73041A40C0}.Ad-Hoc|iPhoneSimulator.ActiveCfg = Ad-Hoc|iPhoneSimulator
		{5AF3CC40-1118-4105-970E-ED73041A40C0}.Ad-Hoc|iPhoneSimulator.Build.0 = Ad-Hoc|iPhoneSimulator
		{5AF3CC40-1118-4105-970E-ED73041A40C0}.AppStore|Any CPU.ActiveCfg = AppStore|iPhoneSimulator
		{5AF3CC40-1118-4105-970E-ED73041A40C0}.AppStore|iPhone.ActiveCfg = AppStore|iPhone
		{5AF3CC40-1118-4105-970E-ED73041A40C0}.AppStore|iPhone.Build.0 = AppStore|iPhone
		{5AF3CC40-1118-4105-970E-ED73041A40C0}.AppStore|iPhoneSimulator.ActiveCfg = AppStore|iPhoneSimulator
		{5AF3CC40-1118-4105-970E-ED73041A40C0}.AppStore|iPhoneSimulator.Build.0 = AppStore|iPhoneSimulator
		{5AF3CC40-1118-4105-970E-ED73041A40C0}.Debug|Any CPU.ActiveCfg = Debug|iPhoneSimulator
		{5AF3CC40-1118-4105-970E-ED73041A40C0}.Debug|Any CPU.Build.0 = Debug|iPhoneSimulator
		{5AF3CC40-1118-4105-970E-ED73041A40C0}.Debug|iPhone.ActiveCfg = Debug|iPhone
		{5AF3CC40-1118-4105-970E-ED73041A40C0}.Debug|iPhone.Build.0 = Debug|iPhone
		{5AF3CC40-1118-4105-970E-ED73041A40C0}.Debug|iPhoneSimulator.ActiveCfg = Debug|iPhoneSimulator
		{5AF3CC40-1118-4105-970E-ED73041A40C0}.Debug|iPhoneSimulator.Build.0 = Debug|iPhoneSimulator
		{5AF3CC40-1118-4105-970E-ED73041A40C0}.Release|Any CPU.ActiveCfg = Release|iPhoneSimulator
		{5AF3CC40-1118-4105-970E-ED73041A40C0}.Release|Any CPU.Build.0 = Release|iPhoneSimulator
		{5AF3CC40-1118-4105-970E-ED73041A40C0}.Release|iPhone.ActiveCfg = Release|iPhone
		{5AF3CC40-1118-4105-970E-ED73041A40C0}.Release|iPhone.Build.0 = Release|iPhone
		{5AF3CC40-1118-4105-970E-ED73041A40C0}.Release|iPhoneSimulator.ActiveCfg = Release|iPhoneSimulator
		{5AF3CC40-1118-4105-970E-ED73041A40C0}.Release|iPhoneSimulator.Build.0 = Release|iPhoneSimulator
		{B19C892E-2628-4CA7-AD27-08D406A3B14B}.Ad-Hoc|Any CPU.ActiveCfg = Release|Any CPU
		{B19C892E-2628-4CA7-AD27-08D406A3B14B}.Ad-Hoc|Any CPU.Build.0 = Release|Any CPU
		{B19C892E-2628-4CA7-AD27-08D406A3B14B}.Ad-Hoc|iPhone.ActiveCfg = Debug|Any CPU
		{B19C892E-2628-4CA7-AD27-08D406A3B14B}.Ad-Hoc|iPhone.Build.0 = Debug|Any CPU
		{B19C892E-2628-4CA7-AD27-08D406A3B14B}.Ad-Hoc|iPhoneSimulator.ActiveCfg = Release|Any CPU
		{B19C892E-2628-4CA7-AD27-08D406A3B14B}.Ad-Hoc|iPhoneSimulator.Build.0 = Release|Any CPU
		{B19C892E-2628-4CA7-AD27-08D406A3B14B}.AppStore|Any CPU.ActiveCfg = Release|Any CPU
		{B19C892E-2628-4CA7-AD27-08D406A3B14B}.AppStore|Any CPU.Build.0 = Release|Any CPU
		{B19C892E-2628-4CA7-AD27-08D406A3B14B}.AppStore|iPhone.ActiveCfg = Debug|Any CPU
		{B19C892E-2628-4CA7-AD27-08D406A3B14B}.AppStore|iPhone.Build.0 = Debug|Any CPU
		{B19C892E-2628-4CA7-AD27-08D406A3B14B}.AppStore|iPhoneSimulator.ActiveCfg = Release|Any CPU
		{B19C892E-2628-4CA7-AD27-08D406A3B14B}.AppStore|iPhoneSimulator.Build.0 = Release|Any CPU
		{B19C892E-2628-4CA7-AD27-08D406A3B14B}.Debug|Any CPU.ActiveCfg = Debug|Any CPU
		{B19C892E-2628-4CA7-AD27-08D406A3B14B}.Debug|Any CPU.Build.0 = Debug|Any CPU
		{B19C892E-2628-4CA7-AD27-08D406A3B14B}.Debug|iPhone.ActiveCfg = Debug|Any CPU
		{B19C892E-2628-4CA7-AD27-08D406A3B14B}.Debug|iPhone.Build.0 = Debug|Any CPU
		{B19C892E-2628-4CA7-AD27-08D406A3B14B}.Debug|iPhoneSimulator.ActiveCfg = Debug|Any CPU
		{B19C892E-2628-4CA7-AD27-08D406A3B14B}.Debug|iPhoneSimulator.Build.0 = Debug|Any CPU
		{B19C892E-2628-4CA7-AD27-08D406A3B14B}.Release|Any CPU.ActiveCfg = Release|Any CPU
		{B19C892E-2628-4CA7-AD27-08D406A3B14B}.Release|Any CPU.Build.0 = Release|Any CPU
		{B19C892E-2628-4CA7-AD27-08D406A3B14B}.Release|iPhone.ActiveCfg = Release|Any CPU
		{B19C892E-2628-4CA7-AD27-08D406A3B14B}.Release|iPhone.Build.0 = Release|Any CPU
		{B19C892E-2628-4CA7-AD27-08D406A3B14B}.Release|iPhoneSimulator.ActiveCfg = Release|Any CPU
		{B19C892E-2628-4CA7-AD27-08D406A3B14B}.Release|iPhoneSimulator.Build.0 = Release|Any CPU
		{C3438A7E-22AF-4A5E-8C4E-0CD4BDF451E0}.Ad-Hoc|Any CPU.ActiveCfg = Release|Any CPU
		{C3438A7E-22AF-4A5E-8C4E-0CD4BDF451E0}.Ad-Hoc|Any CPU.Build.0 = Release|Any CPU
		{C3438A7E-22AF-4A5E-8C4E-0CD4BDF451E0}.Ad-Hoc|iPhone.ActiveCfg = Debug|Any CPU
		{C3438A7E-22AF-4A5E-8C4E-0CD4BDF451E0}.Ad-Hoc|iPhone.Build.0 = Debug|Any CPU
		{C3438A7E-22AF-4A5E-8C4E-0CD4BDF451E0}.Ad-Hoc|iPhoneSimulator.ActiveCfg = Release|Any CPU
		{C3438A7E-22AF-4A5E-8C4E-0CD4BDF451E0}.Ad-Hoc|iPhoneSimulator.Build.0 = Release|Any CPU
		{C3438A7E-22AF-4A5E-8C4E-0CD4BDF451E0}.AppStore|Any CPU.ActiveCfg = Release|Any CPU
		{C3438A7E-22AF-4A5E-8C4E-0CD4BDF451E0}.AppStore|Any CPU.Build.0 = Release|Any CPU
		{C3438A7E-22AF-4A5E-8C4E-0CD4BDF451E0}.AppStore|iPhone.ActiveCfg = Debug|Any CPU
		{C3438A7E-22AF-4A5E-8C4E-0CD4BDF451E0}.AppStore|iPhone.Build.0 = Debug|Any CPU
		{C3438A7E-22AF-4A5E-8C4E-0CD4BDF451E0}.AppStore|iPhoneSimulator.ActiveCfg = Release|Any CPU
		{C3438A7E-22AF-4A5E-8C4E-0CD4BDF451E0}.AppStore|iPhoneSimulator.Build.0 = Release|Any CPU
		{C3438A7E-22AF-4A5E-8C4E-0CD4BDF451E0}.Debug|Any CPU.ActiveCfg = Debug|Any CPU
		{C3438A7E-22AF-4A5E-8C4E-0CD4BDF451E0}.Debug|Any CPU.Build.0 = Debug|Any CPU
		{C3438A7E-22AF-4A5E-8C4E-0CD4BDF451E0}.Debug|iPhone.ActiveCfg = Debug|Any CPU
		{C3438A7E-22AF-4A5E-8C4E-0CD4BDF451E0}.Debug|iPhone.Build.0 = Debug|Any CPU
		{C3438A7E-22AF-4A5E-8C4E-0CD4BDF451E0}.Debug|iPhoneSimulator.ActiveCfg = Debug|Any CPU
		{C3438A7E-22AF-4A5E-8C4E-0CD4BDF451E0}.Debug|iPhoneSimulator.Build.0 = Debug|Any CPU
		{C3438A7E-22AF-4A5E-8C4E-0CD4BDF451E0}.Release|Any CPU.ActiveCfg = Release|Any CPU
		{C3438A7E-22AF-4A5E-8C4E-0CD4BDF451E0}.Release|Any CPU.Build.0 = Release|Any CPU
		{C3438A7E-22AF-4A5E-8C4E-0CD4BDF451E0}.Release|iPhone.ActiveCfg = Release|Any CPU
		{C3438A7E-22AF-4A5E-8C4E-0CD4BDF451E0}.Release|iPhone.Build.0 = Release|Any CPU
		{C3438A7E-22AF-4A5E-8C4E-0CD4BDF451E0}.Release|iPhoneSimulator.ActiveCfg = Release|Any CPU
		{C3438A7E-22AF-4A5E-8C4E-0CD4BDF451E0}.Release|iPhoneSimulator.Build.0 = Release|Any CPU
		{ABDBDDE6-7965-4F22-B804-8CB7A8BCBD57}.Ad-Hoc|Any CPU.ActiveCfg = Release|Any CPU
		{ABDBDDE6-7965-4F22-B804-8CB7A8BCBD57}.Ad-Hoc|Any CPU.Build.0 = Release|Any CPU
		{ABDBDDE6-7965-4F22-B804-8CB7A8BCBD57}.Ad-Hoc|iPhone.ActiveCfg = Debug|Any CPU
		{ABDBDDE6-7965-4F22-B804-8CB7A8BCBD57}.Ad-Hoc|iPhone.Build.0 = Debug|Any CPU
		{ABDBDDE6-7965-4F22-B804-8CB7A8BCBD57}.Ad-Hoc|iPhoneSimulator.ActiveCfg = Release|Any CPU
		{ABDBDDE6-7965-4F22-B804-8CB7A8BCBD57}.Ad-Hoc|iPhoneSimulator.Build.0 = Release|Any CPU
		{ABDBDDE6-7965-4F22-B804-8CB7A8BCBD57}.AppStore|Any CPU.ActiveCfg = Release|Any CPU
		{ABDBDDE6-7965-4F22-B804-8CB7A8BCBD57}.AppStore|Any CPU.Build.0 = Release|Any CPU
		{ABDBDDE6-7965-4F22-B804-8CB7A8BCBD57}.AppStore|iPhone.ActiveCfg = Debug|Any CPU
		{ABDBDDE6-7965-4F22-B804-8CB7A8BCBD57}.AppStore|iPhone.Build.0 = Debug|Any CPU
		{ABDBDDE6-7965-4F22-B804-8CB7A8BCBD57}.AppStore|iPhoneSimulator.ActiveCfg = Release|Any CPU
		{ABDBDDE6-7965-4F22-B804-8CB7A8BCBD57}.AppStore|iPhoneSimulator.Build.0 = Release|Any CPU
		{ABDBDDE6-7965-4F22-B804-8CB7A8BCBD57}.Debug|Any CPU.ActiveCfg = Debug|Any CPU
		{ABDBDDE6-7965-4F22-B804-8CB7A8BCBD57}.Debug|Any CPU.Build.0 = Debug|Any CPU
		{ABDBDDE6-7965-4F22-B804-8CB7A8BCBD57}.Debug|iPhone.ActiveCfg = Debug|Any CPU
		{ABDBDDE6-7965-4F22-B804-8CB7A8BCBD57}.Debug|iPhone.Build.0 = Debug|Any CPU
		{ABDBDDE6-7965-4F22-B804-8CB7A8BCBD57}.Debug|iPhoneSimulator.ActiveCfg = Debug|Any CPU
		{ABDBDDE6-7965-4F22-B804-8CB7A8BCBD57}.Debug|iPhoneSimulator.Build.0 = Debug|Any CPU
		{ABDBDDE6-7965-4F22-B804-8CB7A8BCBD57}.Release|Any CPU.ActiveCfg = Release|Any CPU
		{ABDBDDE6-7965-4F22-B804-8CB7A8BCBD57}.Release|Any CPU.Build.0 = Release|Any CPU
		{ABDBDDE6-7965-4F22-B804-8CB7A8BCBD57}.Release|iPhone.ActiveCfg = Release|Any CPU
		{ABDBDDE6-7965-4F22-B804-8CB7A8BCBD57}.Release|iPhone.Build.0 = Release|Any CPU
		{ABDBDDE6-7965-4F22-B804-8CB7A8BCBD57}.Release|iPhoneSimulator.ActiveCfg = Release|Any CPU
		{ABDBDDE6-7965-4F22-B804-8CB7A8BCBD57}.Release|iPhoneSimulator.Build.0 = Release|Any CPU
		{D4F81489-6FA2-4591-B278-7763CE031ED9}.Ad-Hoc|Any CPU.ActiveCfg = Release|Any CPU
		{D4F81489-6FA2-4591-B278-7763CE031ED9}.Ad-Hoc|Any CPU.Build.0 = Release|Any CPU
		{D4F81489-6FA2-4591-B278-7763CE031ED9}.Ad-Hoc|iPhone.ActiveCfg = Debug|Any CPU
		{D4F81489-6FA2-4591-B278-7763CE031ED9}.Ad-Hoc|iPhone.Build.0 = Debug|Any CPU
		{D4F81489-6FA2-4591-B278-7763CE031ED9}.Ad-Hoc|iPhoneSimulator.ActiveCfg = Release|Any CPU
		{D4F81489-6FA2-4591-B278-7763CE031ED9}.Ad-Hoc|iPhoneSimulator.Build.0 = Release|Any CPU
		{D4F81489-6FA2-4591-B278-7763CE031ED9}.AppStore|Any CPU.ActiveCfg = Release|Any CPU
		{D4F81489-6FA2-4591-B278-7763CE031ED9}.AppStore|Any CPU.Build.0 = Release|Any CPU
		{D4F81489-6FA2-4591-B278-7763CE031ED9}.AppStore|iPhone.ActiveCfg = Debug|Any CPU
		{D4F81489-6FA2-4591-B278-7763CE031ED9}.AppStore|iPhone.Build.0 = Debug|Any CPU
		{D4F81489-6FA2-4591-B278-7763CE031ED9}.AppStore|iPhoneSimulator.ActiveCfg = Release|Any CPU
		{D4F81489-6FA2-4591-B278-7763CE031ED9}.AppStore|iPhoneSimulator.Build.0 = Release|Any CPU
		{D4F81489-6FA2-4591-B278-7763CE031ED9}.Debug|Any CPU.ActiveCfg = Debug|Any CPU
		{D4F81489-6FA2-4591-B278-7763CE031ED9}.Debug|Any CPU.Build.0 = Debug|Any CPU
		{D4F81489-6FA2-4591-B278-7763CE031ED9}.Debug|iPhone.ActiveCfg = Debug|Any CPU
		{D4F81489-6FA2-4591-B278-7763CE031ED9}.Debug|iPhone.Build.0 = Debug|Any CPU
		{D4F81489-6FA2-4591-B278-7763CE031ED9}.Debug|iPhoneSimulator.ActiveCfg = Debug|Any CPU
		{D4F81489-6FA2-4591-B278-7763CE031ED9}.Debug|iPhoneSimulator.Build.0 = Debug|Any CPU
		{D4F81489-6FA2-4591-B278-7763CE031ED9}.Release|Any CPU.ActiveCfg = Release|Any CPU
		{D4F81489-6FA2-4591-B278-7763CE031ED9}.Release|Any CPU.Build.0 = Release|Any CPU
		{D4F81489-6FA2-4591-B278-7763CE031ED9}.Release|iPhone.ActiveCfg = Release|Any CPU
		{D4F81489-6FA2-4591-B278-7763CE031ED9}.Release|iPhone.Build.0 = Release|Any CPU
		{D4F81489-6FA2-4591-B278-7763CE031ED9}.Release|iPhoneSimulator.ActiveCfg = Release|Any CPU
		{D4F81489-6FA2-4591-B278-7763CE031ED9}.Release|iPhoneSimulator.Build.0 = Release|Any CPU
		{985E9A8F-7249-42C1-A940-7C5DE8C11F14}.Ad-Hoc|Any CPU.ActiveCfg = Release|Any CPU
		{985E9A8F-7249-42C1-A940-7C5DE8C11F14}.Ad-Hoc|Any CPU.Build.0 = Release|Any CPU
		{985E9A8F-7249-42C1-A940-7C5DE8C11F14}.Ad-Hoc|iPhone.ActiveCfg = Debug|Any CPU
		{985E9A8F-7249-42C1-A940-7C5DE8C11F14}.Ad-Hoc|iPhone.Build.0 = Debug|Any CPU
		{985E9A8F-7249-42C1-A940-7C5DE8C11F14}.Ad-Hoc|iPhoneSimulator.ActiveCfg = Release|Any CPU
		{985E9A8F-7249-42C1-A940-7C5DE8C11F14}.Ad-Hoc|iPhoneSimulator.Build.0 = Release|Any CPU
		{985E9A8F-7249-42C1-A940-7C5DE8C11F14}.AppStore|Any CPU.ActiveCfg = Release|Any CPU
		{985E9A8F-7249-42C1-A940-7C5DE8C11F14}.AppStore|Any CPU.Build.0 = Release|Any CPU
		{985E9A8F-7249-42C1-A940-7C5DE8C11F14}.AppStore|iPhone.ActiveCfg = Debug|Any CPU
		{985E9A8F-7249-42C1-A940-7C5DE8C11F14}.AppStore|iPhone.Build.0 = Debug|Any CPU
		{985E9A8F-7249-42C1-A940-7C5DE8C11F14}.AppStore|iPhoneSimulator.ActiveCfg = Release|Any CPU
		{985E9A8F-7249-42C1-A940-7C5DE8C11F14}.AppStore|iPhoneSimulator.Build.0 = Release|Any CPU
		{985E9A8F-7249-42C1-A940-7C5DE8C11F14}.Debug|Any CPU.ActiveCfg = Debug|Any CPU
		{985E9A8F-7249-42C1-A940-7C5DE8C11F14}.Debug|Any CPU.Build.0 = Debug|Any CPU
		{985E9A8F-7249-42C1-A940-7C5DE8C11F14}.Debug|iPhone.ActiveCfg = Debug|Any CPU
		{985E9A8F-7249-42C1-A940-7C5DE8C11F14}.Debug|iPhone.Build.0 = Debug|Any CPU
		{985E9A8F-7249-42C1-A940-7C5DE8C11F14}.Debug|iPhoneSimulator.ActiveCfg = Debug|Any CPU
		{985E9A8F-7249-42C1-A940-7C5DE8C11F14}.Debug|iPhoneSimulator.Build.0 = Debug|Any CPU
		{985E9A8F-7249-42C1-A940-7C5DE8C11F14}.Release|Any CPU.ActiveCfg = Release|Any CPU
		{985E9A8F-7249-42C1-A940-7C5DE8C11F14}.Release|Any CPU.Build.0 = Release|Any CPU
		{985E9A8F-7249-42C1-A940-7C5DE8C11F14}.Release|iPhone.ActiveCfg = Release|Any CPU
		{985E9A8F-7249-42C1-A940-7C5DE8C11F14}.Release|iPhone.Build.0 = Release|Any CPU
		{985E9A8F-7249-42C1-A940-7C5DE8C11F14}.Release|iPhoneSimulator.ActiveCfg = Release|Any CPU
		{985E9A8F-7249-42C1-A940-7C5DE8C11F14}.Release|iPhoneSimulator.Build.0 = Release|Any CPU
		{38D16FA7-7654-4391-B298-011C55EA98C1}.Ad-Hoc|Any CPU.ActiveCfg = Release|Any CPU
		{38D16FA7-7654-4391-B298-011C55EA98C1}.Ad-Hoc|Any CPU.Build.0 = Release|Any CPU
		{38D16FA7-7654-4391-B298-011C55EA98C1}.Ad-Hoc|iPhone.ActiveCfg = Debug|Any CPU
		{38D16FA7-7654-4391-B298-011C55EA98C1}.Ad-Hoc|iPhone.Build.0 = Debug|Any CPU
		{38D16FA7-7654-4391-B298-011C55EA98C1}.Ad-Hoc|iPhoneSimulator.ActiveCfg = Release|Any CPU
		{38D16FA7-7654-4391-B298-011C55EA98C1}.Ad-Hoc|iPhoneSimulator.Build.0 = Release|Any CPU
		{38D16FA7-7654-4391-B298-011C55EA98C1}.AppStore|Any CPU.ActiveCfg = Release|Any CPU
		{38D16FA7-7654-4391-B298-011C55EA98C1}.AppStore|Any CPU.Build.0 = Release|Any CPU
		{38D16FA7-7654-4391-B298-011C55EA98C1}.AppStore|iPhone.ActiveCfg = Debug|Any CPU
		{38D16FA7-7654-4391-B298-011C55EA98C1}.AppStore|iPhone.Build.0 = Debug|Any CPU
		{38D16FA7-7654-4391-B298-011C55EA98C1}.AppStore|iPhoneSimulator.ActiveCfg = Release|Any CPU
		{38D16FA7-7654-4391-B298-011C55EA98C1}.AppStore|iPhoneSimulator.Build.0 = Release|Any CPU
		{38D16FA7-7654-4391-B298-011C55EA98C1}.Debug|Any CPU.ActiveCfg = Debug|Any CPU
		{38D16FA7-7654-4391-B298-011C55EA98C1}.Debug|Any CPU.Build.0 = Debug|Any CPU
		{38D16FA7-7654-4391-B298-011C55EA98C1}.Debug|iPhone.ActiveCfg = Debug|Any CPU
		{38D16FA7-7654-4391-B298-011C55EA98C1}.Debug|iPhone.Build.0 = Debug|Any CPU
		{38D16FA7-7654-4391-B298-011C55EA98C1}.Debug|iPhoneSimulator.ActiveCfg = Debug|Any CPU
		{38D16FA7-7654-4391-B298-011C55EA98C1}.Debug|iPhoneSimulator.Build.0 = Debug|Any CPU
		{38D16FA7-7654-4391-B298-011C55EA98C1}.Release|Any CPU.ActiveCfg = Release|Any CPU
		{38D16FA7-7654-4391-B298-011C55EA98C1}.Release|Any CPU.Build.0 = Release|Any CPU
		{38D16FA7-7654-4391-B298-011C55EA98C1}.Release|iPhone.ActiveCfg = Release|Any CPU
		{38D16FA7-7654-4391-B298-011C55EA98C1}.Release|iPhone.Build.0 = Release|Any CPU
		{38D16FA7-7654-4391-B298-011C55EA98C1}.Release|iPhoneSimulator.ActiveCfg = Release|Any CPU
		{38D16FA7-7654-4391-B298-011C55EA98C1}.Release|iPhoneSimulator.Build.0 = Release|Any CPU
		{120123FB-5539-4D36-80EB-5B7F61C3A931}.Ad-Hoc|Any CPU.ActiveCfg = Release|Any CPU
		{120123FB-5539-4D36-80EB-5B7F61C3A931}.Ad-Hoc|Any CPU.Build.0 = Release|Any CPU
		{120123FB-5539-4D36-80EB-5B7F61C3A931}.Ad-Hoc|iPhone.ActiveCfg = Debug|Any CPU
		{120123FB-5539-4D36-80EB-5B7F61C3A931}.Ad-Hoc|iPhone.Build.0 = Debug|Any CPU
		{120123FB-5539-4D36-80EB-5B7F61C3A931}.Ad-Hoc|iPhoneSimulator.ActiveCfg = Release|Any CPU
		{120123FB-5539-4D36-80EB-5B7F61C3A931}.Ad-Hoc|iPhoneSimulator.Build.0 = Release|Any CPU
		{120123FB-5539-4D36-80EB-5B7F61C3A931}.AppStore|Any CPU.ActiveCfg = Release|Any CPU
		{120123FB-5539-4D36-80EB-5B7F61C3A931}.AppStore|Any CPU.Build.0 = Release|Any CPU
		{120123FB-5539-4D36-80EB-5B7F61C3A931}.AppStore|iPhone.ActiveCfg = Debug|Any CPU
		{120123FB-5539-4D36-80EB-5B7F61C3A931}.AppStore|iPhone.Build.0 = Debug|Any CPU
		{120123FB-5539-4D36-80EB-5B7F61C3A931}.AppStore|iPhoneSimulator.ActiveCfg = Release|Any CPU
		{120123FB-5539-4D36-80EB-5B7F61C3A931}.AppStore|iPhoneSimulator.Build.0 = Release|Any CPU
		{120123FB-5539-4D36-80EB-5B7F61C3A931}.Debug|Any CPU.ActiveCfg = Debug|Any CPU
		{120123FB-5539-4D36-80EB-5B7F61C3A931}.Debug|Any CPU.Build.0 = Debug|Any CPU
		{120123FB-5539-4D36-80EB-5B7F61C3A931}.Debug|iPhone.ActiveCfg = Debug|Any CPU
		{120123FB-5539-4D36-80EB-5B7F61C3A931}.Debug|iPhone.Build.0 = Debug|Any CPU
		{120123FB-5539-4D36-80EB-5B7F61C3A931}.Debug|iPhoneSimulator.ActiveCfg = Debug|Any CPU
		{120123FB-5539-4D36-80EB-5B7F61C3A931}.Debug|iPhoneSimulator.Build.0 = Debug|Any CPU
		{120123FB-5539-4D36-80EB-5B7F61C3A931}.Release|Any CPU.ActiveCfg = Release|Any CPU
		{120123FB-5539-4D36-80EB-5B7F61C3A931}.Release|Any CPU.Build.0 = Release|Any CPU
		{120123FB-5539-4D36-80EB-5B7F61C3A931}.Release|iPhone.ActiveCfg = Release|Any CPU
		{120123FB-5539-4D36-80EB-5B7F61C3A931}.Release|iPhone.Build.0 = Release|Any CPU
		{120123FB-5539-4D36-80EB-5B7F61C3A931}.Release|iPhoneSimulator.ActiveCfg = Release|Any CPU
		{120123FB-5539-4D36-80EB-5B7F61C3A931}.Release|iPhoneSimulator.Build.0 = Release|Any CPU
		{CE92B95C-802A-47F8-890E-04EF75C33C7B}.Ad-Hoc|Any CPU.ActiveCfg = Release|Any CPU
		{CE92B95C-802A-47F8-890E-04EF75C33C7B}.Ad-Hoc|Any CPU.Build.0 = Release|Any CPU
		{CE92B95C-802A-47F8-890E-04EF75C33C7B}.Ad-Hoc|iPhone.ActiveCfg = Debug|Any CPU
		{CE92B95C-802A-47F8-890E-04EF75C33C7B}.Ad-Hoc|iPhone.Build.0 = Debug|Any CPU
		{CE92B95C-802A-47F8-890E-04EF75C33C7B}.Ad-Hoc|iPhoneSimulator.ActiveCfg = Release|Any CPU
		{CE92B95C-802A-47F8-890E-04EF75C33C7B}.Ad-Hoc|iPhoneSimulator.Build.0 = Release|Any CPU
		{CE92B95C-802A-47F8-890E-04EF75C33C7B}.AppStore|Any CPU.ActiveCfg = Release|Any CPU
		{CE92B95C-802A-47F8-890E-04EF75C33C7B}.AppStore|Any CPU.Build.0 = Release|Any CPU
		{CE92B95C-802A-47F8-890E-04EF75C33C7B}.AppStore|iPhone.ActiveCfg = Debug|Any CPU
		{CE92B95C-802A-47F8-890E-04EF75C33C7B}.AppStore|iPhone.Build.0 = Debug|Any CPU
		{CE92B95C-802A-47F8-890E-04EF75C33C7B}.AppStore|iPhoneSimulator.ActiveCfg = Release|Any CPU
		{CE92B95C-802A-47F8-890E-04EF75C33C7B}.AppStore|iPhoneSimulator.Build.0 = Release|Any CPU
		{CE92B95C-802A-47F8-890E-04EF75C33C7B}.Debug|Any CPU.ActiveCfg = Debug|Any CPU
		{CE92B95C-802A-47F8-890E-04EF75C33C7B}.Debug|Any CPU.Build.0 = Debug|Any CPU
		{CE92B95C-802A-47F8-890E-04EF75C33C7B}.Debug|iPhone.ActiveCfg = Debug|Any CPU
		{CE92B95C-802A-47F8-890E-04EF75C33C7B}.Debug|iPhone.Build.0 = Debug|Any CPU
		{CE92B95C-802A-47F8-890E-04EF75C33C7B}.Debug|iPhoneSimulator.ActiveCfg = Debug|Any CPU
		{CE92B95C-802A-47F8-890E-04EF75C33C7B}.Debug|iPhoneSimulator.Build.0 = Debug|Any CPU
		{CE92B95C-802A-47F8-890E-04EF75C33C7B}.Release|Any CPU.ActiveCfg = Release|Any CPU
		{CE92B95C-802A-47F8-890E-04EF75C33C7B}.Release|Any CPU.Build.0 = Release|Any CPU
		{CE92B95C-802A-47F8-890E-04EF75C33C7B}.Release|iPhone.ActiveCfg = Release|Any CPU
		{CE92B95C-802A-47F8-890E-04EF75C33C7B}.Release|iPhone.Build.0 = Release|Any CPU
		{CE92B95C-802A-47F8-890E-04EF75C33C7B}.Release|iPhoneSimulator.ActiveCfg = Release|Any CPU
		{CE92B95C-802A-47F8-890E-04EF75C33C7B}.Release|iPhoneSimulator.Build.0 = Release|Any CPU
		{0C575D1E-A1E3-41E1-8403-715136A89D35}.Ad-Hoc|Any CPU.ActiveCfg = Release|Any CPU
		{0C575D1E-A1E3-41E1-8403-715136A89D35}.Ad-Hoc|Any CPU.Build.0 = Release|Any CPU
		{0C575D1E-A1E3-41E1-8403-715136A89D35}.Ad-Hoc|iPhone.ActiveCfg = Debug|Any CPU
		{0C575D1E-A1E3-41E1-8403-715136A89D35}.Ad-Hoc|iPhone.Build.0 = Debug|Any CPU
		{0C575D1E-A1E3-41E1-8403-715136A89D35}.Ad-Hoc|iPhoneSimulator.ActiveCfg = Release|Any CPU
		{0C575D1E-A1E3-41E1-8403-715136A89D35}.Ad-Hoc|iPhoneSimulator.Build.0 = Release|Any CPU
		{0C575D1E-A1E3-41E1-8403-715136A89D35}.AppStore|Any CPU.ActiveCfg = Release|Any CPU
		{0C575D1E-A1E3-41E1-8403-715136A89D35}.AppStore|Any CPU.Build.0 = Release|Any CPU
		{0C575D1E-A1E3-41E1-8403-715136A89D35}.AppStore|iPhone.ActiveCfg = Debug|Any CPU
		{0C575D1E-A1E3-41E1-8403-715136A89D35}.AppStore|iPhone.Build.0 = Debug|Any CPU
		{0C575D1E-A1E3-41E1-8403-715136A89D35}.AppStore|iPhoneSimulator.ActiveCfg = Release|Any CPU
		{0C575D1E-A1E3-41E1-8403-715136A89D35}.AppStore|iPhoneSimulator.Build.0 = Release|Any CPU
		{0C575D1E-A1E3-41E1-8403-715136A89D35}.Debug|Any CPU.ActiveCfg = Debug|Any CPU
		{0C575D1E-A1E3-41E1-8403-715136A89D35}.Debug|Any CPU.Build.0 = Debug|Any CPU
		{0C575D1E-A1E3-41E1-8403-715136A89D35}.Debug|iPhone.ActiveCfg = Debug|Any CPU
		{0C575D1E-A1E3-41E1-8403-715136A89D35}.Debug|iPhone.Build.0 = Debug|Any CPU
		{0C575D1E-A1E3-41E1-8403-715136A89D35}.Debug|iPhoneSimulator.ActiveCfg = Debug|Any CPU
		{0C575D1E-A1E3-41E1-8403-715136A89D35}.Debug|iPhoneSimulator.Build.0 = Debug|Any CPU
		{0C575D1E-A1E3-41E1-8403-715136A89D35}.Release|Any CPU.ActiveCfg = Release|Any CPU
		{0C575D1E-A1E3-41E1-8403-715136A89D35}.Release|Any CPU.Build.0 = Release|Any CPU
		{0C575D1E-A1E3-41E1-8403-715136A89D35}.Release|iPhone.ActiveCfg = Release|Any CPU
		{0C575D1E-A1E3-41E1-8403-715136A89D35}.Release|iPhone.Build.0 = Release|Any CPU
		{0C575D1E-A1E3-41E1-8403-715136A89D35}.Release|iPhoneSimulator.ActiveCfg = Release|Any CPU
		{0C575D1E-A1E3-41E1-8403-715136A89D35}.Release|iPhoneSimulator.Build.0 = Release|Any CPU
		{1A7B4534-ECD0-4794-9F5D-7E0C2007D7E9}.Ad-Hoc|Any CPU.ActiveCfg = Release|Any CPU
		{1A7B4534-ECD0-4794-9F5D-7E0C2007D7E9}.Ad-Hoc|Any CPU.Build.0 = Release|Any CPU
		{1A7B4534-ECD0-4794-9F5D-7E0C2007D7E9}.Ad-Hoc|iPhone.ActiveCfg = Debug|Any CPU
		{1A7B4534-ECD0-4794-9F5D-7E0C2007D7E9}.Ad-Hoc|iPhone.Build.0 = Debug|Any CPU
		{1A7B4534-ECD0-4794-9F5D-7E0C2007D7E9}.Ad-Hoc|iPhoneSimulator.ActiveCfg = Release|Any CPU
		{1A7B4534-ECD0-4794-9F5D-7E0C2007D7E9}.Ad-Hoc|iPhoneSimulator.Build.0 = Release|Any CPU
		{1A7B4534-ECD0-4794-9F5D-7E0C2007D7E9}.AppStore|Any CPU.ActiveCfg = Release|Any CPU
		{1A7B4534-ECD0-4794-9F5D-7E0C2007D7E9}.AppStore|Any CPU.Build.0 = Release|Any CPU
		{1A7B4534-ECD0-4794-9F5D-7E0C2007D7E9}.AppStore|iPhone.ActiveCfg = Debug|Any CPU
		{1A7B4534-ECD0-4794-9F5D-7E0C2007D7E9}.AppStore|iPhone.Build.0 = Debug|Any CPU
		{1A7B4534-ECD0-4794-9F5D-7E0C2007D7E9}.AppStore|iPhoneSimulator.ActiveCfg = Release|Any CPU
		{1A7B4534-ECD0-4794-9F5D-7E0C2007D7E9}.AppStore|iPhoneSimulator.Build.0 = Release|Any CPU
		{1A7B4534-ECD0-4794-9F5D-7E0C2007D7E9}.Debug|Any CPU.ActiveCfg = Debug|Any CPU
		{1A7B4534-ECD0-4794-9F5D-7E0C2007D7E9}.Debug|Any CPU.Build.0 = Debug|Any CPU
		{1A7B4534-ECD0-4794-9F5D-7E0C2007D7E9}.Debug|iPhone.ActiveCfg = Debug|Any CPU
		{1A7B4534-ECD0-4794-9F5D-7E0C2007D7E9}.Debug|iPhone.Build.0 = Debug|Any CPU
		{1A7B4534-ECD0-4794-9F5D-7E0C2007D7E9}.Debug|iPhoneSimulator.ActiveCfg = Debug|Any CPU
		{1A7B4534-ECD0-4794-9F5D-7E0C2007D7E9}.Debug|iPhoneSimulator.Build.0 = Debug|Any CPU
		{1A7B4534-ECD0-4794-9F5D-7E0C2007D7E9}.Release|Any CPU.ActiveCfg = Release|Any CPU
		{1A7B4534-ECD0-4794-9F5D-7E0C2007D7E9}.Release|Any CPU.Build.0 = Release|Any CPU
		{1A7B4534-ECD0-4794-9F5D-7E0C2007D7E9}.Release|iPhone.ActiveCfg = Release|Any CPU
		{1A7B4534-ECD0-4794-9F5D-7E0C2007D7E9}.Release|iPhone.Build.0 = Release|Any CPU
		{1A7B4534-ECD0-4794-9F5D-7E0C2007D7E9}.Release|iPhoneSimulator.ActiveCfg = Release|Any CPU
		{1A7B4534-ECD0-4794-9F5D-7E0C2007D7E9}.Release|iPhoneSimulator.Build.0 = Release|Any CPU
	EndGlobalSection
	GlobalSection(SolutionProperties) = preSolution
		HideSolutionNode = FALSE
	EndGlobalSection
	GlobalSection(NestedProjects) = preSolution
		{4C6A49AB-9F12-420A-8FE0-41D80E84D968} = {60918B31-F7AA-4EDD-86CD-5FE7BCCE7A8F}
		{5AF3CC40-1118-4105-970E-ED73041A40C0} = {60918B31-F7AA-4EDD-86CD-5FE7BCCE7A8F}
		{B19C892E-2628-4CA7-AD27-08D406A3B14B} = {60918B31-F7AA-4EDD-86CD-5FE7BCCE7A8F}
		{C3438A7E-22AF-4A5E-8C4E-0CD4BDF451E0} = {60918B31-F7AA-4EDD-86CD-5FE7BCCE7A8F}
		{ABDBDDE6-7965-4F22-B804-8CB7A8BCBD57} = {120A76C1-EBB3-40E8-AC81-403E1E881041}
		{D4F81489-6FA2-4591-B278-7763CE031ED9} = {120A76C1-EBB3-40E8-AC81-403E1E881041}
		{985E9A8F-7249-42C1-A940-7C5DE8C11F14} = {120A76C1-EBB3-40E8-AC81-403E1E881041}
		{38D16FA7-7654-4391-B298-011C55EA98C1} = {120A76C1-EBB3-40E8-AC81-403E1E881041}
		{120123FB-5539-4D36-80EB-5B7F61C3A931} = {120A76C1-EBB3-40E8-AC81-403E1E881041}
		{CE92B95C-802A-47F8-890E-04EF75C33C7B} = {120A76C1-EBB3-40E8-AC81-403E1E881041}
		{0C575D1E-A1E3-41E1-8403-715136A89D35} = {4A60C2F6-04A6-4F11-9344-2DEC31D8CF8A}
		{1A7B4534-ECD0-4794-9F5D-7E0C2007D7E9} = {120A76C1-EBB3-40E8-AC81-403E1E881041}
	EndGlobalSection
	GlobalSection(ExtensibilityGlobals) = postSolution
		SolutionGuid = {F3216BE3-0E44-495C-91BD-BFAE518EF076}
	EndGlobalSection
EndGlobal
