
Microsoft Visual Studio Solution File, Format Version 12.00
# Visual Studio 2012
Project("{FAE04EC0-301F-11D3-BF4B-00C04F79EFBC}") = "FactorAuth.Mobile.Android", "FactorAuth.Mobile.Android\FactorAuth.Mobile.Android.csproj", "{4C6A49AB-9F12-420A-8FE0-41D80E84D968}"
EndProject
Project("{FAE04EC0-301F-11D3-BF4B-00C04F79EFBC}") = "FactorAuth.Mobile.iOS", "FactorAuth.Mobile.iOS\FactorAuth.Mobile.iOS.csproj", "{5AF3CC40-1118-4105-970E-ED73041A40C0}"
EndProject
Project("{FAE04EC0-301F-11D3-BF4B-00C04F79EFBC}") = "FactorAuth.Mobile.UITests", "FactorAuth.Mobile.UITests\FactorAuth.Mobile.UITests.csproj", "{B19C892E-2628-4CA7-AD27-08D406A3B14B}"
EndProject
Project("{FAE04EC0-301F-11D3-BF4B-00C04F79EFBC}") = "FactorAuth.Mobile", "FactorAuth.Mobile\FactorAuth.Mobile.csproj", "{C3438A7E-22AF-4A5E-8C4E-0CD4BDF451E0}"
EndProject
Global
	GlobalSection(SolutionConfigurationPlatforms) = preSolution
		Debug|Any CPU = Debug|Any CPU
		Release|Any CPU = Release|Any CPU
		Debug|iPhoneSimulator = Debug|iPhoneSimulator
		Release|iPhoneSimulator = Release|iPhoneSimulator
		Debug|iPhone = Debug|iPhone
		Release|iPhone = Release|iPhone
		Ad-Hoc|iPhone = Ad-Hoc|iPhone
		AppStore|iPhone = AppStore|iPhone
	EndGlobalSection
	GlobalSection(ProjectConfigurationPlatforms) = postSolution
		{4C6A49AB-9F12-420A-8FE0-41D80E84D968}.Debug|Any CPU.ActiveCfg = Debug|Any CPU
		{4C6A49AB-9F12-420A-8FE0-41D80E84D968}.Debug|Any CPU.Build.0 = Debug|Any CPU
		{4C6A49AB-9F12-420A-8FE0-41D80E84D968}.Release|Any CPU.ActiveCfg = Release|Any CPU
		{4C6A49AB-9F12-420A-8FE0-41D80E84D968}.Release|Any CPU.Build.0 = Release|Any CPU
		{4C6A49AB-9F12-420A-8FE0-41D80E84D968}.Debug|iPhoneSimulator.ActiveCfg = Debug|Any CPU
		{4C6A49AB-9F12-420A-8FE0-41D80E84D968}.Debug|iPhoneSimulator.Build.0 = Debug|Any CPU
		{4C6A49AB-9F12-420A-8FE0-41D80E84D968}.Release|iPhoneSimulator.ActiveCfg = Release|Any CPU
		{4C6A49AB-9F12-420A-8FE0-41D80E84D968}.Release|iPhoneSimulator.Build.0 = Release|Any CPU
		{4C6A49AB-9F12-420A-8FE0-41D80E84D968}.Debug|iPhone.ActiveCfg = Debug|Any CPU
		{4C6A49AB-9F12-420A-8FE0-41D80E84D968}.Debug|iPhone.Build.0 = Debug|Any CPU
		{4C6A49AB-9F12-420A-8FE0-41D80E84D968}.Release|iPhone.ActiveCfg = Release|Any CPU
		{4C6A49AB-9F12-420A-8FE0-41D80E84D968}.Release|iPhone.Build.0 = Release|Any CPU
		{4C6A49AB-9F12-420A-8FE0-41D80E84D968}.Ad-Hoc|iPhone.ActiveCfg = Debug|Any CPU
		{4C6A49AB-9F12-420A-8FE0-41D80E84D968}.Ad-Hoc|iPhone.Build.0 = Debug|Any CPU
		{4C6A49AB-9F12-420A-8FE0-41D80E84D968}.AppStore|iPhone.ActiveCfg = Debug|Any CPU
		{4C6A49AB-9F12-420A-8FE0-41D80E84D968}.AppStore|iPhone.Build.0 = Debug|Any CPU
		{5AF3CC40-1118-4105-970E-ED73041A40C0}.Debug|Any CPU.ActiveCfg = Debug|iPhoneSimulator
		{5AF3CC40-1118-4105-970E-ED73041A40C0}.Debug|Any CPU.Build.0 = Debug|iPhoneSimulator
		{5AF3CC40-1118-4105-970E-ED73041A40C0}.Release|Any CPU.ActiveCfg = Release|iPhoneSimulator
		{5AF3CC40-1118-4105-970E-ED73041A40C0}.Release|Any CPU.Build.0 = Release|iPhoneSimulator
		{5AF3CC40-1118-4105-970E-ED73041A40C0}.Debug|iPhoneSimulator.ActiveCfg = Debug|iPhoneSimulator
		{5AF3CC40-1118-4105-970E-ED73041A40C0}.Debug|iPhoneSimulator.Build.0 = Debug|iPhoneSimulator
		{5AF3CC40-1118-4105-970E-ED73041A40C0}.Release|iPhoneSimulator.ActiveCfg = Release|iPhoneSimulator
		{5AF3CC40-1118-4105-970E-ED73041A40C0}.Release|iPhoneSimulator.Build.0 = Release|iPhoneSimulator
		{5AF3CC40-1118-4105-970E-ED73041A40C0}.Debug|iPhone.ActiveCfg = Debug|iPhone
		{5AF3CC40-1118-4105-970E-ED73041A40C0}.Debug|iPhone.Build.0 = Debug|iPhone
		{5AF3CC40-1118-4105-970E-ED73041A40C0}.Release|iPhone.ActiveCfg = Release|iPhone
		{5AF3CC40-1118-4105-970E-ED73041A40C0}.Release|iPhone.Build.0 = Release|iPhone
		{5AF3CC40-1118-4105-970E-ED73041A40C0}.Ad-Hoc|iPhone.ActiveCfg = Ad-Hoc|iPhone
		{5AF3CC40-1118-4105-970E-ED73041A40C0}.Ad-Hoc|iPhone.Build.0 = Ad-Hoc|iPhone
		{5AF3CC40-1118-4105-970E-ED73041A40C0}.AppStore|iPhone.ActiveCfg = AppStore|iPhone
		{5AF3CC40-1118-4105-970E-ED73041A40C0}.AppStore|iPhone.Build.0 = AppStore|iPhone
		{B19C892E-2628-4CA7-AD27-08D406A3B14B}.Debug|Any CPU.ActiveCfg = Debug|Any CPU
		{B19C892E-2628-4CA7-AD27-08D406A3B14B}.Debug|Any CPU.Build.0 = Debug|Any CPU
		{B19C892E-2628-4CA7-AD27-08D406A3B14B}.Release|Any CPU.ActiveCfg = Release|Any CPU
		{B19C892E-2628-4CA7-AD27-08D406A3B14B}.Release|Any CPU.Build.0 = Release|Any CPU
		{B19C892E-2628-4CA7-AD27-08D406A3B14B}.Debug|iPhoneSimulator.ActiveCfg = Debug|Any CPU
		{B19C892E-2628-4CA7-AD27-08D406A3B14B}.Debug|iPhoneSimulator.Build.0 = Debug|Any CPU
		{B19C892E-2628-4CA7-AD27-08D406A3B14B}.Release|iPhoneSimulator.ActiveCfg = Release|Any CPU
		{B19C892E-2628-4CA7-AD27-08D406A3B14B}.Release|iPhoneSimulator.Build.0 = Release|Any CPU
		{B19C892E-2628-4CA7-AD27-08D406A3B14B}.Debug|iPhone.ActiveCfg = Debug|Any CPU
		{B19C892E-2628-4CA7-AD27-08D406A3B14B}.Debug|iPhone.Build.0 = Debug|Any CPU
		{B19C892E-2628-4CA7-AD27-08D406A3B14B}.Release|iPhone.ActiveCfg = Release|Any CPU
		{B19C892E-2628-4CA7-AD27-08D406A3B14B}.Release|iPhone.Build.0 = Release|Any CPU
		{B19C892E-2628-4CA7-AD27-08D406A3B14B}.Ad-Hoc|iPhone.ActiveCfg = Debug|Any CPU
		{B19C892E-2628-4CA7-AD27-08D406A3B14B}.Ad-Hoc|iPhone.Build.0 = Debug|Any CPU
		{B19C892E-2628-4CA7-AD27-08D406A3B14B}.AppStore|iPhone.ActiveCfg = Debug|Any CPU
		{B19C892E-2628-4CA7-AD27-08D406A3B14B}.AppStore|iPhone.Build.0 = Debug|Any CPU
		{C3438A7E-22AF-4A5E-8C4E-0CD4BDF451E0}.Debug|Any CPU.ActiveCfg = Debug|Any CPU
		{C3438A7E-22AF-4A5E-8C4E-0CD4BDF451E0}.Debug|Any CPU.Build.0 = Debug|Any CPU
		{C3438A7E-22AF-4A5E-8C4E-0CD4BDF451E0}.Release|Any CPU.ActiveCfg = Release|Any CPU
		{C3438A7E-22AF-4A5E-8C4E-0CD4BDF451E0}.Release|Any CPU.Build.0 = Release|Any CPU
		{C3438A7E-22AF-4A5E-8C4E-0CD4BDF451E0}.Debug|iPhoneSimulator.ActiveCfg = Debug|Any CPU
		{C3438A7E-22AF-4A5E-8C4E-0CD4BDF451E0}.Debug|iPhoneSimulator.Build.0 = Debug|Any CPU
		{C3438A7E-22AF-4A5E-8C4E-0CD4BDF451E0}.Release|iPhoneSimulator.ActiveCfg = Release|Any CPU
		{C3438A7E-22AF-4A5E-8C4E-0CD4BDF451E0}.Release|iPhoneSimulator.Build.0 = Release|Any CPU
		{C3438A7E-22AF-4A5E-8C4E-0CD4BDF451E0}.Debug|iPhone.ActiveCfg = Debug|Any CPU
		{C3438A7E-22AF-4A5E-8C4E-0CD4BDF451E0}.Debug|iPhone.Build.0 = Debug|Any CPU
		{C3438A7E-22AF-4A5E-8C4E-0CD4BDF451E0}.Release|iPhone.ActiveCfg = Release|Any CPU
		{C3438A7E-22AF-4A5E-8C4E-0CD4BDF451E0}.Release|iPhone.Build.0 = Release|Any CPU
		{C3438A7E-22AF-4A5E-8C4E-0CD4BDF451E0}.Ad-Hoc|iPhone.ActiveCfg = Debug|Any CPU
		{C3438A7E-22AF-4A5E-8C4E-0CD4BDF451E0}.Ad-Hoc|iPhone.Build.0 = Debug|Any CPU
		{C3438A7E-22AF-4A5E-8C4E-0CD4BDF451E0}.AppStore|iPhone.ActiveCfg = Debug|Any CPU
		{C3438A7E-22AF-4A5E-8C4E-0CD4BDF451E0}.AppStore|iPhone.Build.0 = Debug|Any CPU
	EndGlobalSection
EndGlobal
