
Microsoft Visual Studio Solution File, Format Version 12.00
# Visual Studio 2012
Project("{FAE04EC0-301F-11D3-BF4B-00C04F79EFBC}") = "FactorAuth.Mobile.Android", "FactorAuth.Mobile.Android\FactorAuth.Mobile.Android.csproj", "{4C6A49AB-9F12-420A-8FE0-41D80E84D968}"
EndProject
Project("{FAE04EC0-301F-11D3-BF4B-00C04F79EFBC}") = "FactorAuth.Mobile.iOS", "FactorAuth.Mobile.iOS\FactorAuth.Mobile.iOS.csproj", "{5AF3CC40-1118-4105-970E-ED73041A40C0}"
EndProject
Project("{FAE04EC0-301F-11D3-BF4B-00C04F79EFBC}") = "FactorAuth.Mobile.UITests", "FactorAuth.Mobile.UITests\FactorAuth.Mobile.UITests.csproj", "{B19C892E-2628-4CA7-AD27-08D406A3B14B}"
EndProject
Project("{FAE04EC0-301F-11D3-BF4B-00C04F79EFBC}") = "FactorAuth.Mobile", "FactorAuth.Mobile\FactorAuth.Mobile.csproj", "{C3438A7E-22AF-4A5E-8C4E-0CD4BDF451E0}"
EndProject
Project("{2150E333-8FDC-42A3-9474-1A3956D46DE8}") = "Mobile", "Mobile", "{60918B31-F7AA-4EDD-86CD-5FE7BCCE7A8F}"
EndProject
Project("{2150E333-8FDC-42A3-9474-1A3956D46DE8}") = "Desktop", "Desktop", "{120A76C1-EBB3-40E8-AC81-403E1E881041}"
EndProject
Project("{FAE04EC0-301F-11D3-BF4B-00C04F79EFBC}") = "FactorAuth.Desktop", "FactorAuth.Desktop\FactorAuth.Desktop.csproj", "{ABDBDDE6-7965-4F22-B804-8CB7A8BCBD57}"
EndProject
Project("{FAE04EC0-301F-11D3-BF4B-00C04F79EFBC}") = "FactorAuth.Gtk", "FactorAuth.Gtk\FactorAuth.Gtk.csproj", "{D4F81489-6FA2-4591-B278-7763CE031ED9}"
EndProject
Project("{FAE04EC0-301F-11D3-BF4B-00C04F79EFBC}") = "FactorAuth.Mac", "FactorAuth.Mac\FactorAuth.Mac.csproj", "{985E9A8F-7249-42C1-A940-7C5DE8C11F14}"
EndProject
Project("{FAE04EC0-301F-11D3-BF4B-00C04F79EFBC}") = "FactorAuth.WinForms", "FactorAuth.WinForms\FactorAuth.WinForms.csproj", "{38D16FA7-7654-4391-B298-011C55EA98C1}"
EndProject
Project("{FAE04EC0-301F-11D3-BF4B-00C04F79EFBC}") = "FactorAuth.Wpf", "FactorAuth.Wpf\FactorAuth.Wpf.csproj", "{120123FB-5539-4D36-80EB-5B7F61C3A931}"
EndProject
Project("{FAE04EC0-301F-11D3-BF4B-00C04F79EFBC}") = "FactorAuth.XamMac", "FactorAuth.XamMac\FactorAuth.XamMac.csproj", "{CE92B95C-802A-47F8-890E-04EF75C33C7B}"
EndProject
Global
	GlobalSection(SolutionConfigurationPlatforms) = preSolution
		Debug|Any CPU = Debug|Any CPU
		Release|Any CPU = Release|Any CPU
		Debug|iPhoneSimulator = Debug|iPhoneSimulator
		Release|iPhoneSimulator = Release|iPhoneSimulator
		Debug|iPhone = Debug|iPhone
		Release|iPhone = Release|iPhone
		Ad-Hoc|iPhone = Ad-Hoc|iPhone
		AppStore|iPhone = AppStore|iPhone
	EndGlobalSection
	GlobalSection(ProjectConfigurationPlatforms) = postSolution
		{4C6A49AB-9F12-420A-8FE0-41D80E84D968}.Debug|Any CPU.ActiveCfg = Debug|Any CPU
		{4C6A49AB-9F12-420A-8FE0-41D80E84D968}.Debug|Any CPU.Build.0 = Debug|Any CPU
		{4C6A49AB-9F12-420A-8FE0-41D80E84D968}.Release|Any CPU.ActiveCfg = Release|Any CPU
		{4C6A49AB-9F12-420A-8FE0-41D80E84D968}.Release|Any CPU.Build.0 = Release|Any CPU
		{4C6A49AB-9F12-420A-8FE0-41D80E84D968}.Debug|iPhoneSimulator.ActiveCfg = Debug|Any CPU
		{4C6A49AB-9F12-420A-8FE0-41D80E84D968}.Debug|iPhoneSimulator.Build.0 = Debug|Any CPU
		{4C6A49AB-9F12-420A-8FE0-41D80E84D968}.Release|iPhoneSimulator.ActiveCfg = Release|Any CPU
		{4C6A49AB-9F12-420A-8FE0-41D80E84D968}.Release|iPhoneSimulator.Build.0 = Release|Any CPU
		{4C6A49AB-9F12-420A-8FE0-41D80E84D968}.Debug|iPhone.ActiveCfg = Debug|Any CPU
		{4C6A49AB-9F12-420A-8FE0-41D80E84D968}.Debug|iPhone.Build.0 = Debug|Any CPU
		{4C6A49AB-9F12-420A-8FE0-41D80E84D968}.Release|iPhone.ActiveCfg = Release|Any CPU
		{4C6A49AB-9F12-420A-8FE0-41D80E84D968}.Release|iPhone.Build.0 = Release|Any CPU
		{4C6A49AB-9F12-420A-8FE0-41D80E84D968}.Ad-Hoc|iPhone.ActiveCfg = Debug|Any CPU
		{4C6A49AB-9F12-420A-8FE0-41D80E84D968}.Ad-Hoc|iPhone.Build.0 = Debug|Any CPU
		{4C6A49AB-9F12-420A-8FE0-41D80E84D968}.AppStore|iPhone.ActiveCfg = Debug|Any CPU
		{4C6A49AB-9F12-420A-8FE0-41D80E84D968}.AppStore|iPhone.Build.0 = Debug|Any CPU
		{5AF3CC40-1118-4105-970E-ED73041A40C0}.Debug|Any CPU.ActiveCfg = Debug|iPhoneSimulator
		{5AF3CC40-1118-4105-970E-ED73041A40C0}.Debug|Any CPU.Build.0 = Debug|iPhoneSimulator
		{5AF3CC40-1118-4105-970E-ED73041A40C0}.Release|Any CPU.ActiveCfg = Release|iPhoneSimulator
		{5AF3CC40-1118-4105-970E-ED73041A40C0}.Release|Any CPU.Build.0 = Release|iPhoneSimulator
		{5AF3CC40-1118-4105-970E-ED73041A40C0}.Debug|iPhoneSimulator.ActiveCfg = Debug|iPhoneSimulator
		{5AF3CC40-1118-4105-970E-ED73041A40C0}.Debug|iPhoneSimulator.Build.0 = Debug|iPhoneSimulator
		{5AF3CC40-1118-4105-970E-ED73041A40C0}.Release|iPhoneSimulator.ActiveCfg = Release|iPhoneSimulator
		{5AF3CC40-1118-4105-970E-ED73041A40C0}.Release|iPhoneSimulator.Build.0 = Release|iPhoneSimulator
		{5AF3CC40-1118-4105-970E-ED73041A40C0}.Debug|iPhone.ActiveCfg = Debug|iPhone
		{5AF3CC40-1118-4105-970E-ED73041A40C0}.Debug|iPhone.Build.0 = Debug|iPhone
		{5AF3CC40-1118-4105-970E-ED73041A40C0}.Release|iPhone.ActiveCfg = Release|iPhone
		{5AF3CC40-1118-4105-970E-ED73041A40C0}.Release|iPhone.Build.0 = Release|iPhone
		{5AF3CC40-1118-4105-970E-ED73041A40C0}.Ad-Hoc|iPhone.ActiveCfg = Ad-Hoc|iPhone
		{5AF3CC40-1118-4105-970E-ED73041A40C0}.Ad-Hoc|iPhone.Build.0 = Ad-Hoc|iPhone
		{5AF3CC40-1118-4105-970E-ED73041A40C0}.AppStore|iPhone.ActiveCfg = AppStore|iPhone
		{5AF3CC40-1118-4105-970E-ED73041A40C0}.AppStore|iPhone.Build.0 = AppStore|iPhone
		{B19C892E-2628-4CA7-AD27-08D406A3B14B}.Debug|Any CPU.ActiveCfg = Debug|Any CPU
		{B19C892E-2628-4CA7-AD27-08D406A3B14B}.Debug|Any CPU.Build.0 = Debug|Any CPU
		{B19C892E-2628-4CA7-AD27-08D406A3B14B}.Release|Any CPU.ActiveCfg = Release|Any CPU
		{B19C892E-2628-4CA7-AD27-08D406A3B14B}.Release|Any CPU.Build.0 = Release|Any CPU
		{B19C892E-2628-4CA7-AD27-08D406A3B14B}.Debug|iPhoneSimulator.ActiveCfg = Debug|Any CPU
		{B19C892E-2628-4CA7-AD27-08D406A3B14B}.Debug|iPhoneSimulator.Build.0 = Debug|Any CPU
		{B19C892E-2628-4CA7-AD27-08D406A3B14B}.Release|iPhoneSimulator.ActiveCfg = Release|Any CPU
		{B19C892E-2628-4CA7-AD27-08D406A3B14B}.Release|iPhoneSimulator.Build.0 = Release|Any CPU
		{B19C892E-2628-4CA7-AD27-08D406A3B14B}.Debug|iPhone.ActiveCfg = Debug|Any CPU
		{B19C892E-2628-4CA7-AD27-08D406A3B14B}.Debug|iPhone.Build.0 = Debug|Any CPU
		{B19C892E-2628-4CA7-AD27-08D406A3B14B}.Release|iPhone.ActiveCfg = Release|Any CPU
		{B19C892E-2628-4CA7-AD27-08D406A3B14B}.Release|iPhone.Build.0 = Release|Any CPU
		{B19C892E-2628-4CA7-AD27-08D406A3B14B}.Ad-Hoc|iPhone.ActiveCfg = Debug|Any CPU
		{B19C892E-2628-4CA7-AD27-08D406A3B14B}.Ad-Hoc|iPhone.Build.0 = Debug|Any CPU
		{B19C892E-2628-4CA7-AD27-08D406A3B14B}.AppStore|iPhone.ActiveCfg = Debug|Any CPU
		{B19C892E-2628-4CA7-AD27-08D406A3B14B}.AppStore|iPhone.Build.0 = Debug|Any CPU
		{C3438A7E-22AF-4A5E-8C4E-0CD4BDF451E0}.Debug|Any CPU.ActiveCfg = Debug|Any CPU
		{C3438A7E-22AF-4A5E-8C4E-0CD4BDF451E0}.Debug|Any CPU.Build.0 = Debug|Any CPU
		{C3438A7E-22AF-4A5E-8C4E-0CD4BDF451E0}.Release|Any CPU.ActiveCfg = Release|Any CPU
		{C3438A7E-22AF-4A5E-8C4E-0CD4BDF451E0}.Release|Any CPU.Build.0 = Release|Any CPU
		{C3438A7E-22AF-4A5E-8C4E-0CD4BDF451E0}.Debug|iPhoneSimulator.ActiveCfg = Debug|Any CPU
		{C3438A7E-22AF-4A5E-8C4E-0CD4BDF451E0}.Debug|iPhoneSimulator.Build.0 = Debug|Any CPU
		{C3438A7E-22AF-4A5E-8C4E-0CD4BDF451E0}.Release|iPhoneSimulator.ActiveCfg = Release|Any CPU
		{C3438A7E-22AF-4A5E-8C4E-0CD4BDF451E0}.Release|iPhoneSimulator.Build.0 = Release|Any CPU
		{C3438A7E-22AF-4A5E-8C4E-0CD4BDF451E0}.Debug|iPhone.ActiveCfg = Debug|Any CPU
		{C3438A7E-22AF-4A5E-8C4E-0CD4BDF451E0}.Debug|iPhone.Build.0 = Debug|Any CPU
		{C3438A7E-22AF-4A5E-8C4E-0CD4BDF451E0}.Release|iPhone.ActiveCfg = Release|Any CPU
		{C3438A7E-22AF-4A5E-8C4E-0CD4BDF451E0}.Release|iPhone.Build.0 = Release|Any CPU
		{C3438A7E-22AF-4A5E-8C4E-0CD4BDF451E0}.Ad-Hoc|iPhone.ActiveCfg = Debug|Any CPU
		{C3438A7E-22AF-4A5E-8C4E-0CD4BDF451E0}.Ad-Hoc|iPhone.Build.0 = Debug|Any CPU
		{C3438A7E-22AF-4A5E-8C4E-0CD4BDF451E0}.AppStore|iPhone.ActiveCfg = Debug|Any CPU
		{C3438A7E-22AF-4A5E-8C4E-0CD4BDF451E0}.AppStore|iPhone.Build.0 = Debug|Any CPU
		{ABDBDDE6-7965-4F22-B804-8CB7A8BCBD57}.Debug|Any CPU.ActiveCfg = Debug|Any CPU
		{ABDBDDE6-7965-4F22-B804-8CB7A8BCBD57}.Debug|Any CPU.Build.0 = Debug|Any CPU
		{ABDBDDE6-7965-4F22-B804-8CB7A8BCBD57}.Release|Any CPU.ActiveCfg = Release|Any CPU
		{ABDBDDE6-7965-4F22-B804-8CB7A8BCBD57}.Release|Any CPU.Build.0 = Release|Any CPU
		{ABDBDDE6-7965-4F22-B804-8CB7A8BCBD57}.Debug|iPhoneSimulator.ActiveCfg = Debug|Any CPU
		{ABDBDDE6-7965-4F22-B804-8CB7A8BCBD57}.Debug|iPhoneSimulator.Build.0 = Debug|Any CPU
		{ABDBDDE6-7965-4F22-B804-8CB7A8BCBD57}.Release|iPhoneSimulator.ActiveCfg = Release|Any CPU
		{ABDBDDE6-7965-4F22-B804-8CB7A8BCBD57}.Release|iPhoneSimulator.Build.0 = Release|Any CPU
		{ABDBDDE6-7965-4F22-B804-8CB7A8BCBD57}.Debug|iPhone.ActiveCfg = Debug|Any CPU
		{ABDBDDE6-7965-4F22-B804-8CB7A8BCBD57}.Debug|iPhone.Build.0 = Debug|Any CPU
		{ABDBDDE6-7965-4F22-B804-8CB7A8BCBD57}.Release|iPhone.ActiveCfg = Release|Any CPU
		{ABDBDDE6-7965-4F22-B804-8CB7A8BCBD57}.Release|iPhone.Build.0 = Release|Any CPU
		{ABDBDDE6-7965-4F22-B804-8CB7A8BCBD57}.Ad-Hoc|iPhone.ActiveCfg = Debug|Any CPU
		{ABDBDDE6-7965-4F22-B804-8CB7A8BCBD57}.Ad-Hoc|iPhone.Build.0 = Debug|Any CPU
		{ABDBDDE6-7965-4F22-B804-8CB7A8BCBD57}.AppStore|iPhone.ActiveCfg = Debug|Any CPU
		{ABDBDDE6-7965-4F22-B804-8CB7A8BCBD57}.AppStore|iPhone.Build.0 = Debug|Any CPU
		{D4F81489-6FA2-4591-B278-7763CE031ED9}.Debug|Any CPU.ActiveCfg = Debug|Any CPU
		{D4F81489-6FA2-4591-B278-7763CE031ED9}.Debug|Any CPU.Build.0 = Debug|Any CPU
		{D4F81489-6FA2-4591-B278-7763CE031ED9}.Release|Any CPU.ActiveCfg = Release|Any CPU
		{D4F81489-6FA2-4591-B278-7763CE031ED9}.Release|Any CPU.Build.0 = Release|Any CPU
		{D4F81489-6FA2-4591-B278-7763CE031ED9}.Debug|iPhoneSimulator.ActiveCfg = Debug|Any CPU
		{D4F81489-6FA2-4591-B278-7763CE031ED9}.Debug|iPhoneSimulator.Build.0 = Debug|Any CPU
		{D4F81489-6FA2-4591-B278-7763CE031ED9}.Release|iPhoneSimulator.ActiveCfg = Release|Any CPU
		{D4F81489-6FA2-4591-B278-7763CE031ED9}.Release|iPhoneSimulator.Build.0 = Release|Any CPU
		{D4F81489-6FA2-4591-B278-7763CE031ED9}.Debug|iPhone.ActiveCfg = Debug|Any CPU
		{D4F81489-6FA2-4591-B278-7763CE031ED9}.Debug|iPhone.Build.0 = Debug|Any CPU
		{D4F81489-6FA2-4591-B278-7763CE031ED9}.Release|iPhone.ActiveCfg = Release|Any CPU
		{D4F81489-6FA2-4591-B278-7763CE031ED9}.Release|iPhone.Build.0 = Release|Any CPU
		{D4F81489-6FA2-4591-B278-7763CE031ED9}.Ad-Hoc|iPhone.ActiveCfg = Debug|Any CPU
		{D4F81489-6FA2-4591-B278-7763CE031ED9}.Ad-Hoc|iPhone.Build.0 = Debug|Any CPU
		{D4F81489-6FA2-4591-B278-7763CE031ED9}.AppStore|iPhone.ActiveCfg = Debug|Any CPU
		{D4F81489-6FA2-4591-B278-7763CE031ED9}.AppStore|iPhone.Build.0 = Debug|Any CPU
		{985E9A8F-7249-42C1-A940-7C5DE8C11F14}.Debug|Any CPU.ActiveCfg = Debug|Any CPU
		{985E9A8F-7249-42C1-A940-7C5DE8C11F14}.Debug|Any CPU.Build.0 = Debug|Any CPU
		{985E9A8F-7249-42C1-A940-7C5DE8C11F14}.Release|Any CPU.ActiveCfg = Release|Any CPU
		{985E9A8F-7249-42C1-A940-7C5DE8C11F14}.Release|Any CPU.Build.0 = Release|Any CPU
		{985E9A8F-7249-42C1-A940-7C5DE8C11F14}.Debug|iPhoneSimulator.ActiveCfg = Debug|Any CPU
		{985E9A8F-7249-42C1-A940-7C5DE8C11F14}.Debug|iPhoneSimulator.Build.0 = Debug|Any CPU
		{985E9A8F-7249-42C1-A940-7C5DE8C11F14}.Release|iPhoneSimulator.ActiveCfg = Release|Any CPU
		{985E9A8F-7249-42C1-A940-7C5DE8C11F14}.Release|iPhoneSimulator.Build.0 = Release|Any CPU
		{985E9A8F-7249-42C1-A940-7C5DE8C11F14}.Debug|iPhone.ActiveCfg = Debug|Any CPU
		{985E9A8F-7249-42C1-A940-7C5DE8C11F14}.Debug|iPhone.Build.0 = Debug|Any CPU
		{985E9A8F-7249-42C1-A940-7C5DE8C11F14}.Release|iPhone.ActiveCfg = Release|Any CPU
		{985E9A8F-7249-42C1-A940-7C5DE8C11F14}.Release|iPhone.Build.0 = Release|Any CPU
		{985E9A8F-7249-42C1-A940-7C5DE8C11F14}.Ad-Hoc|iPhone.ActiveCfg = Debug|Any CPU
		{985E9A8F-7249-42C1-A940-7C5DE8C11F14}.Ad-Hoc|iPhone.Build.0 = Debug|Any CPU
		{985E9A8F-7249-42C1-A940-7C5DE8C11F14}.AppStore|iPhone.ActiveCfg = Debug|Any CPU
		{985E9A8F-7249-42C1-A940-7C5DE8C11F14}.AppStore|iPhone.Build.0 = Debug|Any CPU
		{38D16FA7-7654-4391-B298-011C55EA98C1}.Debug|Any CPU.ActiveCfg = Debug|Any CPU
		{38D16FA7-7654-4391-B298-011C55EA98C1}.Debug|Any CPU.Build.0 = Debug|Any CPU
		{38D16FA7-7654-4391-B298-011C55EA98C1}.Release|Any CPU.ActiveCfg = Release|Any CPU
		{38D16FA7-7654-4391-B298-011C55EA98C1}.Release|Any CPU.Build.0 = Release|Any CPU
		{38D16FA7-7654-4391-B298-011C55EA98C1}.Debug|iPhoneSimulator.ActiveCfg = Debug|Any CPU
		{38D16FA7-7654-4391-B298-011C55EA98C1}.Debug|iPhoneSimulator.Build.0 = Debug|Any CPU
		{38D16FA7-7654-4391-B298-011C55EA98C1}.Release|iPhoneSimulator.ActiveCfg = Release|Any CPU
		{38D16FA7-7654-4391-B298-011C55EA98C1}.Release|iPhoneSimulator.Build.0 = Release|Any CPU
		{38D16FA7-7654-4391-B298-011C55EA98C1}.Debug|iPhone.ActiveCfg = Debug|Any CPU
		{38D16FA7-7654-4391-B298-011C55EA98C1}.Debug|iPhone.Build.0 = Debug|Any CPU
		{38D16FA7-7654-4391-B298-011C55EA98C1}.Release|iPhone.ActiveCfg = Release|Any CPU
		{38D16FA7-7654-4391-B298-011C55EA98C1}.Release|iPhone.Build.0 = Release|Any CPU
		{38D16FA7-7654-4391-B298-011C55EA98C1}.Ad-Hoc|iPhone.ActiveCfg = Debug|Any CPU
		{38D16FA7-7654-4391-B298-011C55EA98C1}.Ad-Hoc|iPhone.Build.0 = Debug|Any CPU
		{38D16FA7-7654-4391-B298-011C55EA98C1}.AppStore|iPhone.ActiveCfg = Debug|Any CPU
		{38D16FA7-7654-4391-B298-011C55EA98C1}.AppStore|iPhone.Build.0 = Debug|Any CPU
		{120123FB-5539-4D36-80EB-5B7F61C3A931}.Debug|Any CPU.ActiveCfg = Debug|Any CPU
		{120123FB-5539-4D36-80EB-5B7F61C3A931}.Debug|Any CPU.Build.0 = Debug|Any CPU
		{120123FB-5539-4D36-80EB-5B7F61C3A931}.Release|Any CPU.ActiveCfg = Release|Any CPU
		{120123FB-5539-4D36-80EB-5B7F61C3A931}.Release|Any CPU.Build.0 = Release|Any CPU
		{120123FB-5539-4D36-80EB-5B7F61C3A931}.Debug|iPhoneSimulator.ActiveCfg = Debug|Any CPU
		{120123FB-5539-4D36-80EB-5B7F61C3A931}.Debug|iPhoneSimulator.Build.0 = Debug|Any CPU
		{120123FB-5539-4D36-80EB-5B7F61C3A931}.Release|iPhoneSimulator.ActiveCfg = Release|Any CPU
		{120123FB-5539-4D36-80EB-5B7F61C3A931}.Release|iPhoneSimulator.Build.0 = Release|Any CPU
		{120123FB-5539-4D36-80EB-5B7F61C3A931}.Debug|iPhone.ActiveCfg = Debug|Any CPU
		{120123FB-5539-4D36-80EB-5B7F61C3A931}.Debug|iPhone.Build.0 = Debug|Any CPU
		{120123FB-5539-4D36-80EB-5B7F61C3A931}.Release|iPhone.ActiveCfg = Release|Any CPU
		{120123FB-5539-4D36-80EB-5B7F61C3A931}.Release|iPhone.Build.0 = Release|Any CPU
		{120123FB-5539-4D36-80EB-5B7F61C3A931}.Ad-Hoc|iPhone.ActiveCfg = Debug|Any CPU
		{120123FB-5539-4D36-80EB-5B7F61C3A931}.Ad-Hoc|iPhone.Build.0 = Debug|Any CPU
		{120123FB-5539-4D36-80EB-5B7F61C3A931}.AppStore|iPhone.ActiveCfg = Debug|Any CPU
		{120123FB-5539-4D36-80EB-5B7F61C3A931}.AppStore|iPhone.Build.0 = Debug|Any CPU
		{CE92B95C-802A-47F8-890E-04EF75C33C7B}.Debug|Any CPU.ActiveCfg = Debug|Any CPU
		{CE92B95C-802A-47F8-890E-04EF75C33C7B}.Debug|Any CPU.Build.0 = Debug|Any CPU
		{CE92B95C-802A-47F8-890E-04EF75C33C7B}.Release|Any CPU.ActiveCfg = Release|Any CPU
		{CE92B95C-802A-47F8-890E-04EF75C33C7B}.Release|Any CPU.Build.0 = Release|Any CPU
		{CE92B95C-802A-47F8-890E-04EF75C33C7B}.Debug|iPhoneSimulator.ActiveCfg = Debug|Any CPU
		{CE92B95C-802A-47F8-890E-04EF75C33C7B}.Debug|iPhoneSimulator.Build.0 = Debug|Any CPU
		{CE92B95C-802A-47F8-890E-04EF75C33C7B}.Release|iPhoneSimulator.ActiveCfg = Release|Any CPU
		{CE92B95C-802A-47F8-890E-04EF75C33C7B}.Release|iPhoneSimulator.Build.0 = Release|Any CPU
		{CE92B95C-802A-47F8-890E-04EF75C33C7B}.Debug|iPhone.ActiveCfg = Debug|Any CPU
		{CE92B95C-802A-47F8-890E-04EF75C33C7B}.Debug|iPhone.Build.0 = Debug|Any CPU
		{CE92B95C-802A-47F8-890E-04EF75C33C7B}.Release|iPhone.ActiveCfg = Release|Any CPU
		{CE92B95C-802A-47F8-890E-04EF75C33C7B}.Release|iPhone.Build.0 = Release|Any CPU
		{CE92B95C-802A-47F8-890E-04EF75C33C7B}.Ad-Hoc|iPhone.ActiveCfg = Debug|Any CPU
		{CE92B95C-802A-47F8-890E-04EF75C33C7B}.Ad-Hoc|iPhone.Build.0 = Debug|Any CPU
		{CE92B95C-802A-47F8-890E-04EF75C33C7B}.AppStore|iPhone.ActiveCfg = Debug|Any CPU
		{CE92B95C-802A-47F8-890E-04EF75C33C7B}.AppStore|iPhone.Build.0 = Debug|Any CPU
	EndGlobalSection
	GlobalSection(NestedProjects) = preSolution
		{C3438A7E-22AF-4A5E-8C4E-0CD4BDF451E0} = {60918B31-F7AA-4EDD-86CD-5FE7BCCE7A8F}
		{4C6A49AB-9F12-420A-8FE0-41D80E84D968} = {60918B31-F7AA-4EDD-86CD-5FE7BCCE7A8F}
		{5AF3CC40-1118-4105-970E-ED73041A40C0} = {60918B31-F7AA-4EDD-86CD-5FE7BCCE7A8F}
		{B19C892E-2628-4CA7-AD27-08D406A3B14B} = {60918B31-F7AA-4EDD-86CD-5FE7BCCE7A8F}
		{ABDBDDE6-7965-4F22-B804-8CB7A8BCBD57} = {120A76C1-EBB3-40E8-AC81-403E1E881041}
		{D4F81489-6FA2-4591-B278-7763CE031ED9} = {120A76C1-EBB3-40E8-AC81-403E1E881041}
		{985E9A8F-7249-42C1-A940-7C5DE8C11F14} = {120A76C1-EBB3-40E8-AC81-403E1E881041}
		{38D16FA7-7654-4391-B298-011C55EA98C1} = {120A76C1-EBB3-40E8-AC81-403E1E881041}
		{120123FB-5539-4D36-80EB-5B7F61C3A931} = {120A76C1-EBB3-40E8-AC81-403E1E881041}
		{CE92B95C-802A-47F8-890E-04EF75C33C7B} = {120A76C1-EBB3-40E8-AC81-403E1E881041}
	EndGlobalSection
EndGlobal
